
Microsoft Visual Studio Solution File, Format Version 12.00
# Visual Studio Version 17
VisualStudioVersion = 17.14.36221.1 d17.14
MinimumVisualStudioVersion = 10.0.40219.1
Project("{FAE04EC0-301F-11D3-BF4B-00C04F79EFBC}") = "Portfolio.Web", "Portfolio.Web\Portfolio.Web.csproj", "{73842975-C77B-43F0-937A-9AAD3911CD2D}"
EndProject
Global
	GlobalSection(SolutionConfigurationPlatforms) = preSolution
		Debug|Any CPU = Debug|Any CPU
		Release|Any CPU = Release|Any CPU
	EndGlobalSection
	GlobalSection(ProjectConfigurationPlatforms) = postSolution
		{73842975-C77B-43F0-937A-9AAD3911CD2D}.Debug|Any CPU.ActiveCfg = Debug|Any CPU
		{73842975-C77B-43F0-937A-9AAD3911CD2D}.Debug|Any CPU.Build.0 = Debug|Any CPU
		{73842975-C77B-43F0-937A-9AAD3911CD2D}.Release|Any CPU.ActiveCfg = Release|Any CPU
		{73842975-C77B-43F0-937A-9AAD3911CD2D}.Release|Any CPU.Build.0 = Release|Any CPU
	EndGlobalSection
	GlobalSection(SolutionProperties) = preSolution
		HideSolutionNode = FALSE
	EndGlobalSection
	GlobalSection(ExtensibilityGlobals) = postSolution
		SolutionGuid = {77A02A1A-73A8-4078-8E80-1DC78199EEE5}
	EndGlobalSection
EndGlobal
